
Microsoft Visual Studio Solution File, Format Version 12.00
Project("{FAE04EC0-301F-11D3-BF4B-00C04F79EFBC}") = "Tutorial7", "Tutorial7\Tutorial7.csproj", "{A9E741D9-C7C8-48AC-8434-E775FE5B227B}"
EndProject
Global
	GlobalSection(SolutionConfigurationPlatforms) = preSolution
		Debug|Any CPU = Debug|Any CPU
		Release|Any CPU = Release|Any CPU
	EndGlobalSection
	GlobalSection(ProjectConfigurationPlatforms) = postSolution
		{A9E741D9-C7C8-48AC-8434-E775FE5B227B}.Debug|Any CPU.ActiveCfg = Debug|Any CPU
		{A9E741D9-C7C8-48AC-8434-E775FE5B227B}.Debug|Any CPU.Build.0 = Debug|Any CPU
		{A9E741D9-C7C8-48AC-8434-E775FE5B227B}.Release|Any CPU.ActiveCfg = Release|Any CPU
		{A9E741D9-C7C8-48AC-8434-E775FE5B227B}.Release|Any CPU.Build.0 = Release|Any CPU
	EndGlobalSection
EndGlobal
